
Microsoft Visual Studio Solution File, Format Version 12.00
# Visual Studio Version 17
VisualStudioVersion = 17.6.33723.286
MinimumVisualStudioVersion = 10.0.40219.1
Project("{FAE04EC0-301F-11D3-BF4B-00C04F79EFBC}") = "AntiCSRFDemo", "AntiCSRFDemo\AntiCSRFDemo.csproj", "{2AFBDA88-F6F4-41C3-A9B5-50AB5290CB65}"
EndProject
Global
	GlobalSection(SolutionConfigurationPlatforms) = preSolution
		Debug|Any CPU = Debug|Any CPU
		Release|Any CPU = Release|Any CPU
	EndGlobalSection
	GlobalSection(ProjectConfigurationPlatforms) = postSolution
		{2AFBDA88-F6F4-41C3-A9B5-50AB5290CB65}.Debug|Any CPU.ActiveCfg = Debug|Any CPU
		{2AFBDA88-F6F4-41C3-A9B5-50AB5290CB65}.Debug|Any CPU.Build.0 = Debug|Any CPU
		{2AFBDA88-F6F4-41C3-A9B5-50AB5290CB65}.Release|Any CPU.ActiveCfg = Release|Any CPU
		{2AFBDA88-F6F4-41C3-A9B5-50AB5290CB65}.Release|Any CPU.Build.0 = Release|Any CPU
	EndGlobalSection
	GlobalSection(SolutionProperties) = preSolution
		HideSolutionNode = FALSE
	EndGlobalSection
	GlobalSection(ExtensibilityGlobals) = postSolution
		SolutionGuid = {0EA7C52D-852B-4794-9B81-49C716312729}
	EndGlobalSection
EndGlobal
